
Microsoft Visual Studio Solution File, Format Version 12.00
# Visual Studio Version 17
VisualStudioVersion = 17.9.34728.123
MinimumVisualStudioVersion = 10.0.40219.1
Project("{9A19103F-16F7-4668-BE54-9A1E7A4F7556}") = "ProjetoTamagochi", "ProjetoTamagochi.csproj", "{D2D64455-BED8-405B-9287-B5421DD14EEF}"
EndProject
Global
	GlobalSection(SolutionConfigurationPlatforms) = preSolution
		Debug|Any CPU = Debug|Any CPU
		Release|Any CPU = Release|Any CPU
	EndGlobalSection
	GlobalSection(ProjectConfigurationPlatforms) = postSolution
		{D2D64455-BED8-405B-9287-B5421DD14EEF}.Debug|Any CPU.ActiveCfg = Debug|Any CPU
		{D2D64455-BED8-405B-9287-B5421DD14EEF}.Debug|Any CPU.Build.0 = Debug|Any CPU
		{D2D64455-BED8-405B-9287-B5421DD14EEF}.Release|Any CPU.ActiveCfg = Release|Any CPU
		{D2D64455-BED8-405B-9287-B5421DD14EEF}.Release|Any CPU.Build.0 = Release|Any CPU
	EndGlobalSection
	GlobalSection(SolutionProperties) = preSolution
		HideSolutionNode = FALSE
	EndGlobalSection
	GlobalSection(ExtensibilityGlobals) = postSolution
		SolutionGuid = {2D0B7BE5-CEA0-48F7-9683-9CD1885CA79F}
	EndGlobalSection
EndGlobal
